
Microsoft Visual Studio Solution File, Format Version 12.00
# Visual Studio 15
VisualStudioVersion = 15.0.28307.1401
MinimumVisualStudioVersion = 10.0.40219.1
Project("{8BC9CEB8-8B4A-11D0-8D11-00A0C91BC942}") = "Project2", "Project2.vcxproj", "{D61E02C2-0FE5-4E6A-82EA-8152AA21C559}"
EndProject
Global
	GlobalSection(SolutionConfigurationPlatforms) = preSolution
		Debug|x64 = Debug|x64
		Debug|x86 = Debug|x86
		Release|x64 = Release|x64
		Release|x86 = Release|x86
	EndGlobalSection
	GlobalSection(ProjectConfigurationPlatforms) = postSolution
		{D61E02C2-0FE5-4E6A-82EA-8152AA21C559}.Debug|x64.ActiveCfg = Debug|x64
		{D61E02C2-0FE5-4E6A-82EA-8152AA21C559}.Debug|x64.Build.0 = Debug|x64
		{D61E02C2-0FE5-4E6A-82EA-8152AA21C559}.Debug|x86.ActiveCfg = Debug|Win32
		{D61E02C2-0FE5-4E6A-82EA-8152AA21C559}.Debug|x86.Build.0 = Debug|Win32
		{D61E02C2-0FE5-4E6A-82EA-8152AA21C559}.Release|x64.ActiveCfg = Release|x64
		{D61E02C2-0FE5-4E6A-82EA-8152AA21C559}.Release|x64.Build.0 = Release|x64
		{D61E02C2-0FE5-4E6A-82EA-8152AA21C559}.Release|x86.ActiveCfg = Release|Win32
		{D61E02C2-0FE5-4E6A-82EA-8152AA21C559}.Release|x86.Build.0 = Release|Win32
	EndGlobalSection
	GlobalSection(SolutionProperties) = preSolution
		HideSolutionNode = FALSE
	EndGlobalSection
	GlobalSection(ExtensibilityGlobals) = postSolution
		SolutionGuid = {CAE6E864-CEAE-402D-B92F-E59F9ECFAD98}
	EndGlobalSection
EndGlobal
